
Microsoft Visual Studio Solution File, Format Version 12.00
# Visual Studio Version 16
VisualStudioVersion = 16.0.29509.3
MinimumVisualStudioVersion = 10.0.40219.1
Project("{FAE04EC0-301F-11D3-BF4B-00C04F79EFBC}") = "TestXF.Android", "TestXF\TestXF.Android\TestXF.Android.csproj", "{E859EEB7-E1C8-4FD6-BB51-6D1F070EFA24}"
EndProject
Project("{FAE04EC0-301F-11D3-BF4B-00C04F79EFBC}") = "TestXF.iOS", "TestXF\TestXF.iOS\TestXF.iOS.csproj", "{158D028C-FD14-4116-A001-7B469530E51A}"
EndProject
Project("{FAE04EC0-301F-11D3-BF4B-00C04F79EFBC}") = "TestXF", "TestXF\TestXF\TestXF.csproj", "{D8B26976-370B-424C-83F9-42C2E196FFAE}"
EndProject
Project("{FAE04EC0-301F-11D3-BF4B-00C04F79EFBC}") = "TestXF.UITest", "TestXF.UITest\TestXF.UITest.csproj", "{B2F5C3D6-5451-4288-9BAA-81024346BB53}"
EndProject
Project("{FAE04EC0-301F-11D3-BF4B-00C04F79EFBC}") = "TestXF.Test", "TestXF.Test\TestXF.Test.csproj", "{F18421D3-93E8-4BE6-9E44-3221F18D0ADC}"
EndProject
Global
	GlobalSection(SolutionConfigurationPlatforms) = preSolution
		Debug|Any CPU = Debug|Any CPU
		Debug|iPhone = Debug|iPhone
		Debug|iPhoneSimulator = Debug|iPhoneSimulator
		Release|Any CPU = Release|Any CPU
		Release|iPhone = Release|iPhone
		Release|iPhoneSimulator = Release|iPhoneSimulator
	EndGlobalSection
	GlobalSection(ProjectConfigurationPlatforms) = postSolution
		{E859EEB7-E1C8-4FD6-BB51-6D1F070EFA24}.Debug|Any CPU.ActiveCfg = Debug|Any CPU
		{E859EEB7-E1C8-4FD6-BB51-6D1F070EFA24}.Debug|Any CPU.Build.0 = Debug|Any CPU
		{E859EEB7-E1C8-4FD6-BB51-6D1F070EFA24}.Debug|Any CPU.Deploy.0 = Debug|Any CPU
		{E859EEB7-E1C8-4FD6-BB51-6D1F070EFA24}.Debug|iPhone.ActiveCfg = Debug|Any CPU
		{E859EEB7-E1C8-4FD6-BB51-6D1F070EFA24}.Debug|iPhone.Build.0 = Debug|Any CPU
		{E859EEB7-E1C8-4FD6-BB51-6D1F070EFA24}.Debug|iPhone.Deploy.0 = Debug|Any CPU
		{E859EEB7-E1C8-4FD6-BB51-6D1F070EFA24}.Debug|iPhoneSimulator.ActiveCfg = Debug|Any CPU
		{E859EEB7-E1C8-4FD6-BB51-6D1F070EFA24}.Debug|iPhoneSimulator.Build.0 = Debug|Any CPU
		{E859EEB7-E1C8-4FD6-BB51-6D1F070EFA24}.Debug|iPhoneSimulator.Deploy.0 = Debug|Any CPU
		{E859EEB7-E1C8-4FD6-BB51-6D1F070EFA24}.Release|Any CPU.ActiveCfg = Release|Any CPU
		{E859EEB7-E1C8-4FD6-BB51-6D1F070EFA24}.Release|Any CPU.Build.0 = Release|Any CPU
		{E859EEB7-E1C8-4FD6-BB51-6D1F070EFA24}.Release|Any CPU.Deploy.0 = Release|Any CPU
		{E859EEB7-E1C8-4FD6-BB51-6D1F070EFA24}.Release|iPhone.ActiveCfg = Release|Any CPU
		{E859EEB7-E1C8-4FD6-BB51-6D1F070EFA24}.Release|iPhone.Build.0 = Release|Any CPU
		{E859EEB7-E1C8-4FD6-BB51-6D1F070EFA24}.Release|iPhone.Deploy.0 = Release|Any CPU
		{E859EEB7-E1C8-4FD6-BB51-6D1F070EFA24}.Release|iPhoneSimulator.ActiveCfg = Release|Any CPU
		{E859EEB7-E1C8-4FD6-BB51-6D1F070EFA24}.Release|iPhoneSimulator.Build.0 = Release|Any CPU
		{E859EEB7-E1C8-4FD6-BB51-6D1F070EFA24}.Release|iPhoneSimulator.Deploy.0 = Release|Any CPU
		{158D028C-FD14-4116-A001-7B469530E51A}.Debug|Any CPU.ActiveCfg = Debug|iPhoneSimulator
		{158D028C-FD14-4116-A001-7B469530E51A}.Debug|Any CPU.Build.0 = Debug|iPhoneSimulator
		{158D028C-FD14-4116-A001-7B469530E51A}.Debug|Any CPU.Deploy.0 = Debug|iPhoneSimulator
		{158D028C-FD14-4116-A001-7B469530E51A}.Debug|iPhone.ActiveCfg = Debug|iPhone
		{158D028C-FD14-4116-A001-7B469530E51A}.Debug|iPhone.Build.0 = Debug|iPhone
		{158D028C-FD14-4116-A001-7B469530E51A}.Debug|iPhone.Deploy.0 = Debug|iPhone
		{158D028C-FD14-4116-A001-7B469530E51A}.Debug|iPhoneSimulator.ActiveCfg = Debug|iPhoneSimulator
		{158D028C-FD14-4116-A001-7B469530E51A}.Debug|iPhoneSimulator.Build.0 = Debug|iPhoneSimulator
		{158D028C-FD14-4116-A001-7B469530E51A}.Debug|iPhoneSimulator.Deploy.0 = Debug|iPhoneSimulator
		{158D028C-FD14-4116-A001-7B469530E51A}.Release|Any CPU.ActiveCfg = Release|iPhone
		{158D028C-FD14-4116-A001-7B469530E51A}.Release|Any CPU.Build.0 = Release|iPhone
		{158D028C-FD14-4116-A001-7B469530E51A}.Release|Any CPU.Deploy.0 = Release|iPhone
		{158D028C-FD14-4116-A001-7B469530E51A}.Release|iPhone.ActiveCfg = Release|iPhone
		{158D028C-FD14-4116-A001-7B469530E51A}.Release|iPhone.Build.0 = Release|iPhone
		{158D028C-FD14-4116-A001-7B469530E51A}.Release|iPhone.Deploy.0 = Release|iPhone
		{158D028C-FD14-4116-A001-7B469530E51A}.Release|iPhoneSimulator.ActiveCfg = Release|iPhoneSimulator
		{158D028C-FD14-4116-A001-7B469530E51A}.Release|iPhoneSimulator.Build.0 = Release|iPhoneSimulator
		{158D028C-FD14-4116-A001-7B469530E51A}.Release|iPhoneSimulator.Deploy.0 = Release|iPhoneSimulator
		{D8B26976-370B-424C-83F9-42C2E196FFAE}.Debug|Any CPU.ActiveCfg = Debug|Any CPU
		{D8B26976-370B-424C-83F9-42C2E196FFAE}.Debug|Any CPU.Build.0 = Debug|Any CPU
		{D8B26976-370B-424C-83F9-42C2E196FFAE}.Debug|Any CPU.Deploy.0 = Debug|Any CPU
		{D8B26976-370B-424C-83F9-42C2E196FFAE}.Debug|iPhone.ActiveCfg = Debug|Any CPU
		{D8B26976-370B-424C-83F9-42C2E196FFAE}.Debug|iPhone.Build.0 = Debug|Any CPU
		{D8B26976-370B-424C-83F9-42C2E196FFAE}.Debug|iPhone.Deploy.0 = Debug|Any CPU
		{D8B26976-370B-424C-83F9-42C2E196FFAE}.Debug|iPhoneSimulator.ActiveCfg = Debug|Any CPU
		{D8B26976-370B-424C-83F9-42C2E196FFAE}.Debug|iPhoneSimulator.Build.0 = Debug|Any CPU
		{D8B26976-370B-424C-83F9-42C2E196FFAE}.Debug|iPhoneSimulator.Deploy.0 = Debug|Any CPU
		{D8B26976-370B-424C-83F9-42C2E196FFAE}.Release|Any CPU.ActiveCfg = Release|Any CPU
		{D8B26976-370B-424C-83F9-42C2E196FFAE}.Release|Any CPU.Build.0 = Release|Any CPU
		{D8B26976-370B-424C-83F9-42C2E196FFAE}.Release|Any CPU.Deploy.0 = Release|Any CPU
		{D8B26976-370B-424C-83F9-42C2E196FFAE}.Release|iPhone.ActiveCfg = Release|Any CPU
		{D8B26976-370B-424C-83F9-42C2E196FFAE}.Release|iPhone.Build.0 = Release|Any CPU
		{D8B26976-370B-424C-83F9-42C2E196FFAE}.Release|iPhone.Deploy.0 = Release|Any CPU
		{D8B26976-370B-424C-83F9-42C2E196FFAE}.Release|iPhoneSimulator.ActiveCfg = Release|Any CPU
		{D8B26976-370B-424C-83F9-42C2E196FFAE}.Release|iPhoneSimulator.Build.0 = Release|Any CPU
		{D8B26976-370B-424C-83F9-42C2E196FFAE}.Release|iPhoneSimulator.Deploy.0 = Release|Any CPU
		{B2F5C3D6-5451-4288-9BAA-81024346BB53}.Debug|Any CPU.ActiveCfg = Debug|Any CPU
		{B2F5C3D6-5451-4288-9BAA-81024346BB53}.Debug|Any CPU.Build.0 = Debug|Any CPU
		{B2F5C3D6-5451-4288-9BAA-81024346BB53}.Debug|iPhone.ActiveCfg = Debug|Any CPU
		{B2F5C3D6-5451-4288-9BAA-81024346BB53}.Debug|iPhone.Build.0 = Debug|Any CPU
		{B2F5C3D6-5451-4288-9BAA-81024346BB53}.Debug|iPhoneSimulator.ActiveCfg = Debug|Any CPU
		{B2F5C3D6-5451-4288-9BAA-81024346BB53}.Debug|iPhoneSimulator.Build.0 = Debug|Any CPU
		{B2F5C3D6-5451-4288-9BAA-81024346BB53}.Release|Any CPU.ActiveCfg = Release|Any CPU
		{B2F5C3D6-5451-4288-9BAA-81024346BB53}.Release|Any CPU.Build.0 = Release|Any CPU
		{B2F5C3D6-5451-4288-9BAA-81024346BB53}.Release|iPhone.ActiveCfg = Release|Any CPU
		{B2F5C3D6-5451-4288-9BAA-81024346BB53}.Release|iPhone.Build.0 = Release|Any CPU
		{B2F5C3D6-5451-4288-9BAA-81024346BB53}.Release|iPhoneSimulator.ActiveCfg = Release|Any CPU
		{B2F5C3D6-5451-4288-9BAA-81024346BB53}.Release|iPhoneSimulator.Build.0 = Release|Any CPU
		{F18421D3-93E8-4BE6-9E44-3221F18D0ADC}.Debug|Any CPU.ActiveCfg = Debug|Any CPU
		{F18421D3-93E8-4BE6-9E44-3221F18D0ADC}.Debug|Any CPU.Build.0 = Debug|Any CPU
		{F18421D3-93E8-4BE6-9E44-3221F18D0ADC}.Debug|iPhone.ActiveCfg = Debug|Any CPU
		{F18421D3-93E8-4BE6-9E44-3221F18D0ADC}.Debug|iPhone.Build.0 = Debug|Any CPU
		{F18421D3-93E8-4BE6-9E44-3221F18D0ADC}.Debug|iPhoneSimulator.ActiveCfg = Debug|Any CPU
		{F18421D3-93E8-4BE6-9E44-3221F18D0ADC}.Debug|iPhoneSimulator.Build.0 = Debug|Any CPU
		{F18421D3-93E8-4BE6-9E44-3221F18D0ADC}.Release|Any CPU.ActiveCfg = Release|Any CPU
		{F18421D3-93E8-4BE6-9E44-3221F18D0ADC}.Release|Any CPU.Build.0 = Release|Any CPU
		{F18421D3-93E8-4BE6-9E44-3221F18D0ADC}.Release|iPhone.ActiveCfg = Release|Any CPU
		{F18421D3-93E8-4BE6-9E44-3221F18D0ADC}.Release|iPhone.Build.0 = Release|Any CPU
		{F18421D3-93E8-4BE6-9E44-3221F18D0ADC}.Release|iPhoneSimulator.ActiveCfg = Release|Any CPU
		{F18421D3-93E8-4BE6-9E44-3221F18D0ADC}.Release|iPhoneSimulator.Build.0 = Release|Any CPU
	EndGlobalSection
	GlobalSection(SolutionProperties) = preSolution
		HideSolutionNode = FALSE
	EndGlobalSection
	GlobalSection(ExtensibilityGlobals) = postSolution
		SolutionGuid = {D2E05EC8-531B-4C61-B05E-8053E0403F26}
	EndGlobalSection
EndGlobal
